
Microsoft Visual Studio Solution File, Format Version 12.00
# Visual Studio Version 17
VisualStudioVersion = 17.11.35312.102
MinimumVisualStudioVersion = 10.0.40219.1
Project("{FAE04EC0-301F-11D3-BF4B-00C04F79EFBC}") = "Lab1_THKTPM", "Lab1_THKTPM\Lab1_THKTPM.csproj", "{8C9052C1-18E9-4666-9F9B-AD351E1E783F}"
EndProject
Global
	GlobalSection(SolutionConfigurationPlatforms) = preSolution
		Debug|Any CPU = Debug|Any CPU
		Release|Any CPU = Release|Any CPU
	EndGlobalSection
	GlobalSection(ProjectConfigurationPlatforms) = postSolution
		{8C9052C1-18E9-4666-9F9B-AD351E1E783F}.Debug|Any CPU.ActiveCfg = Debug|Any CPU
		{8C9052C1-18E9-4666-9F9B-AD351E1E783F}.Debug|Any CPU.Build.0 = Debug|Any CPU
		{8C9052C1-18E9-4666-9F9B-AD351E1E783F}.Release|Any CPU.ActiveCfg = Release|Any CPU
		{8C9052C1-18E9-4666-9F9B-AD351E1E783F}.Release|Any CPU.Build.0 = Release|Any CPU
	EndGlobalSection
	GlobalSection(SolutionProperties) = preSolution
		HideSolutionNode = FALSE
	EndGlobalSection
	GlobalSection(ExtensibilityGlobals) = postSolution
		SolutionGuid = {6A9C1B8D-87FE-453A-A613-F9DC0D7DB6CD}
	EndGlobalSection
EndGlobal
